
Microsoft Visual Studio Solution File, Format Version 12.00
# Visual Studio Version 17
VisualStudioVersion = 17.4.33403.182
MinimumVisualStudioVersion = 10.0.40219.1
Project("{8BC9CEB8-8B4A-11D0-8D11-00A0C91BC942}") = "C_Project", "C_Project\C_Project.vcxproj", "{9F7145B4-2857-410F-B861-B0D8D53DFB06}"
EndProject
Project("{8BC9CEB8-8B4A-11D0-8D11-00A0C91BC942}") = "C_Project-day2", "C_Project-day2\C_Project-day2.vcxproj", "{B070B600-6BF2-4787-AB71-870367806544}"
EndProject
Global
	GlobalSection(SolutionConfigurationPlatforms) = preSolution
		Debug|x64 = Debug|x64
		Debug|x86 = Debug|x86
		Release|x64 = Release|x64
		Release|x86 = Release|x86
	EndGlobalSection
	GlobalSection(ProjectConfigurationPlatforms) = postSolution
		{9F7145B4-2857-410F-B861-B0D8D53DFB06}.Debug|x64.ActiveCfg = Debug|x64
		{9F7145B4-2857-410F-B861-B0D8D53DFB06}.Debug|x64.Build.0 = Debug|x64
		{9F7145B4-2857-410F-B861-B0D8D53DFB06}.Debug|x86.ActiveCfg = Debug|Win32
		{9F7145B4-2857-410F-B861-B0D8D53DFB06}.Debug|x86.Build.0 = Debug|Win32
		{9F7145B4-2857-410F-B861-B0D8D53DFB06}.Release|x64.ActiveCfg = Release|x64
		{9F7145B4-2857-410F-B861-B0D8D53DFB06}.Release|x64.Build.0 = Release|x64
		{9F7145B4-2857-410F-B861-B0D8D53DFB06}.Release|x86.ActiveCfg = Release|Win32
		{9F7145B4-2857-410F-B861-B0D8D53DFB06}.Release|x86.Build.0 = Release|Win32
		{B070B600-6BF2-4787-AB71-870367806544}.Debug|x64.ActiveCfg = Debug|x64
		{B070B600-6BF2-4787-AB71-870367806544}.Debug|x64.Build.0 = Debug|x64
		{B070B600-6BF2-4787-AB71-870367806544}.Debug|x86.ActiveCfg = Debug|Win32
		{B070B600-6BF2-4787-AB71-870367806544}.Debug|x86.Build.0 = Debug|Win32
		{B070B600-6BF2-4787-AB71-870367806544}.Release|x64.ActiveCfg = Release|x64
		{B070B600-6BF2-4787-AB71-870367806544}.Release|x64.Build.0 = Release|x64
		{B070B600-6BF2-4787-AB71-870367806544}.Release|x86.ActiveCfg = Release|Win32
		{B070B600-6BF2-4787-AB71-870367806544}.Release|x86.Build.0 = Release|Win32
	EndGlobalSection
	GlobalSection(SolutionProperties) = preSolution
		HideSolutionNode = FALSE
	EndGlobalSection
	GlobalSection(ExtensibilityGlobals) = postSolution
		SolutionGuid = {4E20B1D5-F649-412E-A366-414C1556F3FA}
	EndGlobalSection
EndGlobal
